
Microsoft Visual Studio Solution File, Format Version 12.00
# Visual Studio Version 17
VisualStudioVersion = 17.4.33403.182
MinimumVisualStudioVersion = 10.0.40219.1
Project("{9A19103F-16F7-4668-BE54-9A1E7A4F7556}") = "Models", "Models\Models.csproj", "{AECB8C28-ED39-4AAC-8C3C-D488DAAA8766}"
EndProject
Project("{9A19103F-16F7-4668-BE54-9A1E7A4F7556}") = "Migration", "Migration\Migration.csproj", "{4CA70349-2384-4718-B156-4C12155C5C58}"
EndProject
Project("{9A19103F-16F7-4668-BE54-9A1E7A4F7556}") = "View", "View\View.csproj", "{757E11E4-8DAB-440A-92E3-59EBD1F60783}"
EndProject
Global
	GlobalSection(SolutionConfigurationPlatforms) = preSolution
		Debug|Any CPU = Debug|Any CPU
		Release|Any CPU = Release|Any CPU
	EndGlobalSection
	GlobalSection(ProjectConfigurationPlatforms) = postSolution
		{AECB8C28-ED39-4AAC-8C3C-D488DAAA8766}.Debug|Any CPU.ActiveCfg = Debug|Any CPU
		{AECB8C28-ED39-4AAC-8C3C-D488DAAA8766}.Debug|Any CPU.Build.0 = Debug|Any CPU
		{AECB8C28-ED39-4AAC-8C3C-D488DAAA8766}.Release|Any CPU.ActiveCfg = Release|Any CPU
		{AECB8C28-ED39-4AAC-8C3C-D488DAAA8766}.Release|Any CPU.Build.0 = Release|Any CPU
		{4CA70349-2384-4718-B156-4C12155C5C58}.Debug|Any CPU.ActiveCfg = Debug|Any CPU
		{4CA70349-2384-4718-B156-4C12155C5C58}.Debug|Any CPU.Build.0 = Debug|Any CPU
		{4CA70349-2384-4718-B156-4C12155C5C58}.Release|Any CPU.ActiveCfg = Release|Any CPU
		{4CA70349-2384-4718-B156-4C12155C5C58}.Release|Any CPU.Build.0 = Release|Any CPU
		{757E11E4-8DAB-440A-92E3-59EBD1F60783}.Debug|Any CPU.ActiveCfg = Debug|Any CPU
		{757E11E4-8DAB-440A-92E3-59EBD1F60783}.Debug|Any CPU.Build.0 = Debug|Any CPU
		{757E11E4-8DAB-440A-92E3-59EBD1F60783}.Release|Any CPU.ActiveCfg = Release|Any CPU
		{757E11E4-8DAB-440A-92E3-59EBD1F60783}.Release|Any CPU.Build.0 = Release|Any CPU
	EndGlobalSection
	GlobalSection(SolutionProperties) = preSolution
		HideSolutionNode = FALSE
	EndGlobalSection
	GlobalSection(ExtensibilityGlobals) = postSolution
		SolutionGuid = {3C253357-B8F7-4643-AE88-3162F772D888}
	EndGlobalSection
EndGlobal
